
Microsoft Visual Studio Solution File, Format Version 12.00
# Visual Studio Version 16
VisualStudioVersion = 16.0.29926.136
MinimumVisualStudioVersion = 10.0.40219.1
Project("{FAE04EC0-301F-11D3-BF4B-00C04F79EFBC}") = "TextRPG", "TextRPG\TextRPG.csproj", "{8CE46654-CB8B-4560-9CCF-ED4DE0BEF369}"
EndProject
Project("{FAE04EC0-301F-11D3-BF4B-00C04F79EFBC}") = "ListTest", "ListTest\ListTest.csproj", "{E69E7B3A-F184-44CF-BA1E-8E7CE8087F09}"
EndProject
Global
	GlobalSection(SolutionConfigurationPlatforms) = preSolution
		Debug|Any CPU = Debug|Any CPU
		Release|Any CPU = Release|Any CPU
	EndGlobalSection
	GlobalSection(ProjectConfigurationPlatforms) = postSolution
		{8CE46654-CB8B-4560-9CCF-ED4DE0BEF369}.Debug|Any CPU.ActiveCfg = Debug|Any CPU
		{8CE46654-CB8B-4560-9CCF-ED4DE0BEF369}.Debug|Any CPU.Build.0 = Debug|Any CPU
		{8CE46654-CB8B-4560-9CCF-ED4DE0BEF369}.Release|Any CPU.ActiveCfg = Release|Any CPU
		{8CE46654-CB8B-4560-9CCF-ED4DE0BEF369}.Release|Any CPU.Build.0 = Release|Any CPU
		{E69E7B3A-F184-44CF-BA1E-8E7CE8087F09}.Debug|Any CPU.ActiveCfg = Debug|Any CPU
		{E69E7B3A-F184-44CF-BA1E-8E7CE8087F09}.Debug|Any CPU.Build.0 = Debug|Any CPU
		{E69E7B3A-F184-44CF-BA1E-8E7CE8087F09}.Release|Any CPU.ActiveCfg = Release|Any CPU
		{E69E7B3A-F184-44CF-BA1E-8E7CE8087F09}.Release|Any CPU.Build.0 = Release|Any CPU
	EndGlobalSection
	GlobalSection(SolutionProperties) = preSolution
		HideSolutionNode = FALSE
	EndGlobalSection
	GlobalSection(ExtensibilityGlobals) = postSolution
		SolutionGuid = {A7C26F83-ADCB-4637-8418-BB56695AA273}
	EndGlobalSection
EndGlobal
